
Microsoft Visual Studio Solution File, Format Version 12.00
# Visual Studio 14
VisualStudioVersion = 14.0.25123.0
MinimumVisualStudioVersion = 10.0.40219.1
Project("{FAE04EC0-301F-11D3-BF4B-00C04F79EFBC}") = "Portfolio", "Portfolio\Portfolio.csproj", "{FBCD9090-B433-483F-A297-79B7DA4C856D}"
EndProject
Global
	GlobalSection(SolutionConfigurationPlatforms) = preSolution
		Debug|Any CPU = Debug|Any CPU
		Release|Any CPU = Release|Any CPU
	EndGlobalSection
	GlobalSection(ProjectConfigurationPlatforms) = postSolution
		{FBCD9090-B433-483F-A297-79B7DA4C856D}.Debug|Any CPU.ActiveCfg = Debug|Any CPU
		{FBCD9090-B433-483F-A297-79B7DA4C856D}.Debug|Any CPU.Build.0 = Debug|Any CPU
		{FBCD9090-B433-483F-A297-79B7DA4C856D}.Release|Any CPU.ActiveCfg = Release|Any CPU
		{FBCD9090-B433-483F-A297-79B7DA4C856D}.Release|Any CPU.Build.0 = Release|Any CPU
	EndGlobalSection
	GlobalSection(SolutionProperties) = preSolution
		HideSolutionNode = FALSE
	EndGlobalSection
EndGlobal
